{
  "name": "miniapp-shaking",
  "version": "1.1.7",
  "lockfileVersion": 1,
  "requires": true,
  "dependencies": {
    "@babel/code-frame": {
      "version": "7.18.6",
      "resolved": "http://registry-npm.firstshare.cn/@babel%2fcode-frame/-/code-frame-7.18.6.tgz",
      "integrity": "sha512-TDCmlK5eOvH+eH7cdAFlNXeVJqWIQ7gW9tY1GJIpUtFb6CmjVyq2VM3u71bOyR8CRihcCgMUYoDNyLXao3+70Q==",
      "requires": {
        "@babel/highlight": "^7.18.6"
      }
    },
    "@babel/generator": {
      "version": "7.19.0",
      "resolved": "http://registry-npm.firstshare.cn/@babel%2fgenerator/-/generator-7.19.0.tgz",
      "integrity": "sha512-S1ahxf1gZ2dpoiFgA+ohK9DIpz50bJ0CWs7Zlzb54Z4sG8qmdIrGrVqmy1sAtTVRb+9CU6U8VqT9L0Zj7hxHVg==",
      "requires": {
        "@babel/types": "^7.19.0",
        "@jridgewell/gen-mapping": "^0.3.2",
        "jsesc": "^2.5.1"
      },
      "dependencies": {
        "@jridgewell/gen-mapping": {
          "version": "0.3.2",
          "resolved": "http://registry-npm.firstshare.cn/@jridgewell%2fgen-mapping/-/gen-mapping-0.3.2.tgz",
          "integrity": "sha512-mh65xKQAzI6iBcFzwv28KVWSmCkdRBWoOh+bYQGW3+6OZvbbN3TqMGo5hqYxQniRcH9F2VZIoJCm4pa3BPDK/A==",
          "requires": {
            "@jridgewell/set-array": "^1.0.1",
            "@jridgewell/sourcemap-codec": "^1.4.10",
            "@jridgewell/trace-mapping": "^0.3.9"
          }
        }
      }
    },
    "@babel/helper-environment-visitor": {
      "version": "7.18.9",
      "resolved": "http://registry-npm.firstshare.cn/@babel%2fhelper-environment-visitor/-/helper-environment-visitor-7.18.9.tgz",
      "integrity": "sha512-3r/aACDJ3fhQ/EVgFy0hpj8oHyHpQc+LPtJoY9SzTThAsStm4Ptegq92vqKoE3vD706ZVFWITnMnxucw+S9Ipg=="
    },
    "@babel/helper-function-name": {
      "version": "7.19.0",
      "resolved": "http://registry-npm.firstshare.cn/@babel%2fhelper-function-name/-/helper-function-name-7.19.0.tgz",
      "integrity": "sha512-WAwHBINyrpqywkUH0nTnNgI5ina5TFn85HKS0pbPDfxFfhyR/aNQEn4hGi1P1JyT//I0t4OgXUlofzWILRvS5w==",
      "requires": {
        "@babel/template": "^7.18.10",
        "@babel/types": "^7.19.0"
      }
    },
    "@babel/helper-hoist-variables": {
      "version": "7.18.6",
      "resolved": "http://registry-npm.firstshare.cn/@babel%2fhelper-hoist-variables/-/helper-hoist-variables-7.18.6.tgz",
      "integrity": "sha512-UlJQPkFqFULIcyW5sbzgbkxn2FKRgwWiRexcuaR8RNJRy8+LLveqPjwZV/bwrLZCN0eUHD/x8D0heK1ozuoo6Q==",
      "requires": {
        "@babel/types": "^7.18.6"
      }
    },
    "@babel/helper-split-export-declaration": {
      "version": "7.18.6",
      "resolved": "http://registry-npm.firstshare.cn/@babel%2fhelper-split-export-declaration/-/helper-split-export-declaration-7.18.6.tgz",
      "integrity": "sha512-bde1etTx6ZyTmobl9LLMMQsaizFVZrquTEHOqKeQESMKo4PlObf+8+JA25ZsIpZhT/WEd39+vOdLXAFG/nELpA==",
      "requires": {
        "@babel/types": "^7.18.6"
      }
    },
    "@babel/helper-string-parser": {
      "version": "7.18.10",
      "resolved": "http://registry-npm.firstshare.cn/@babel%2fhelper-string-parser/-/helper-string-parser-7.18.10.tgz",
      "integrity": "sha512-XtIfWmeNY3i4t7t4D2t02q50HvqHybPqW2ki1kosnvWCwuCMeo81Jf0gwr85jy/neUdg5XDdeFE/80DXiO+njw=="
    },
    "@babel/helper-validator-identifier": {
      "version": "7.18.6",
      "resolved": "http://registry-npm.firstshare.cn/@babel%2fhelper-validator-identifier/-/helper-validator-identifier-7.18.6.tgz",
      "integrity": "sha512-MmetCkz9ej86nJQV+sFCxoGGrUbU3q02kgLciwkrt9QqEB7cP39oKEY0PakknEO0Gu20SskMRi+AYZ3b1TpN9g=="
    },
    "@babel/highlight": {
      "version": "7.18.6",
      "resolved": "http://registry-npm.firstshare.cn/@babel%2fhighlight/-/highlight-7.18.6.tgz",
      "integrity": "sha512-u7stbOuYjaPezCuLj29hNW1v64M2Md2qupEKP1fHc7WdOA3DgLh37suiSrZYY7haUB7iBeQZ9P1uiRF359do3g==",
      "requires": {
        "@babel/helper-validator-identifier": "^7.18.6",
        "chalk": "^2.0.0",
        "js-tokens": "^4.0.0"
      }
    },
    "@babel/parser": {
      "version": "7.19.0",
      "resolved": "http://registry-npm.firstshare.cn/@babel%2fparser/-/parser-7.19.0.tgz",
      "integrity": "sha512-74bEXKX2h+8rrfQUfsBfuZZHzsEs6Eql4pqy/T4Nn6Y9wNPggQOqD6z6pn5Bl8ZfysKouFZT/UXEH94ummEeQw=="
    },
    "@babel/template": {
      "version": "7.18.10",
      "resolved": "http://registry-npm.firstshare.cn/@babel%2ftemplate/-/template-7.18.10.tgz",
      "integrity": "sha512-TI+rCtooWHr3QJ27kJxfjutghu44DLnasDMwpDqCXVTal9RLp3RSYNh4NdBrRP2cQAoG9A8juOQl6P6oZG4JxA==",
      "requires": {
        "@babel/code-frame": "^7.18.6",
        "@babel/parser": "^7.18.10",
        "@babel/types": "^7.18.10"
      }
    },
    "@babel/traverse": {
      "version": "7.19.0",
      "resolved": "http://registry-npm.firstshare.cn/@babel%2ftraverse/-/traverse-7.19.0.tgz",
      "integrity": "sha512-4pKpFRDh+utd2mbRC8JLnlsMUii3PMHjpL6a0SZ4NMZy7YFP9aXORxEhdMVOc9CpWtDF09IkciQLEhK7Ml7gRA==",
      "requires": {
        "@babel/code-frame": "^7.18.6",
        "@babel/generator": "^7.19.0",
        "@babel/helper-environment-visitor": "^7.18.9",
        "@babel/helper-function-name": "^7.19.0",
        "@babel/helper-hoist-variables": "^7.18.6",
        "@babel/helper-split-export-declaration": "^7.18.6",
        "@babel/parser": "^7.19.0",
        "@babel/types": "^7.19.0",
        "debug": "^4.1.0",
        "globals": "^11.1.0"
      }
    },
    "@babel/types": {
      "version": "7.19.0",
      "resolved": "http://registry-npm.firstshare.cn/@babel%2ftypes/-/types-7.19.0.tgz",
      "integrity": "sha512-YuGopBq3ke25BVSiS6fgF49Ul9gH1x70Bcr6bqRLjWCkcX8Hre1/5+z+IiWOIerRMSSEfGZVB9z9kyq7wVs9YA==",
      "requires": {
        "@babel/helper-string-parser": "^7.18.10",
        "@babel/helper-validator-identifier": "^7.18.6",
        "to-fast-properties": "^2.0.0"
      }
    },
    "@jridgewell/resolve-uri": {
      "version": "3.1.0",
      "resolved": "http://registry-npm.firstshare.cn/@jridgewell%2fresolve-uri/-/resolve-uri-3.1.0.tgz",
      "integrity": "sha512-F2msla3tad+Mfht5cJq7LSXcdudKTWCVYUgw6pLFOOHSTtZlj6SWNYAp+AhuqLmWdBO2X5hPrLcu8cVP8fy28w=="
    },
    "@jridgewell/set-array": {
      "version": "1.1.2",
      "resolved": "http://registry-npm.firstshare.cn/@jridgewell%2fset-array/-/set-array-1.1.2.tgz",
      "integrity": "sha512-xnkseuNADM0gt2bs+BvhO0p78Mk762YnZdsuzFV018NoG1Sj1SCQvpSqa7XUaTam5vAGasABV9qXASMKnFMwMw=="
    },
    "@jridgewell/sourcemap-codec": {
      "version": "1.4.14",
      "resolved": "http://registry-npm.firstshare.cn/@jridgewell%2fsourcemap-codec/-/sourcemap-codec-1.4.14.tgz",
      "integrity": "sha512-XPSJHWmi394fuUuzDnGz1wiKqWfo1yXecHQMRf2l6hztTO+nPru658AyDngaBe7isIxEkRsPR3FZh+s7iVa4Uw=="
    },
    "@jridgewell/trace-mapping": {
      "version": "0.3.15",
      "resolved": "http://registry-npm.firstshare.cn/@jridgewell%2ftrace-mapping/-/trace-mapping-0.3.15.tgz",
      "integrity": "sha512-oWZNOULl+UbhsgB51uuZzglikfIKSUBO/M9W2OfEjn7cmqoAiCgmv9lyACTUacZwBz0ITnJ2NqjU8Tx0DHL88g==",
      "requires": {
        "@jridgewell/resolve-uri": "^3.0.3",
        "@jridgewell/sourcemap-codec": "^1.4.10"
      }
    },
    "ansi-styles": {
      "version": "3.2.1",
      "resolved": "http://registry-npm.firstshare.cn/ansi-styles/-/ansi-styles-3.2.1.tgz",
      "integrity": "sha512-VT0ZI6kZRdTh8YyJw3SMbYm/u+NqfsAxEpWO0Pf9sq8/e94WxxOpPKx9FR1FlyCtOVDNOQ+8ntlqFxiRc+r5qA==",
      "requires": {
        "color-convert": "^1.9.0"
      }
    },
    "chalk": {
      "version": "2.4.2",
      "resolved": "http://registry-npm.firstshare.cn/chalk/-/chalk-2.4.2.tgz",
      "integrity": "sha512-Mti+f9lpJNcwF4tWV8/OrTTtF1gZi+f8FqlyAdouralcFWFQWF2+NgCHShjkCb+IFBLq9buZwE1xckQU4peSuQ==",
      "requires": {
        "ansi-styles": "^3.2.1",
        "escape-string-regexp": "^1.0.5",
        "supports-color": "^5.3.0"
      }
    },
    "color-convert": {
      "version": "1.9.3",
      "resolved": "http://registry-npm.firstshare.cn/color-convert/-/color-convert-1.9.3.tgz",
      "integrity": "sha512-QfAUtd+vFdAtFQcC8CCyYt1fYWxSqAiK2cSD6zDB8N3cpsEBAvRxp9zOGg6G/SHHJYAT88/az/IuDGALsNVbGg==",
      "requires": {
        "color-name": "1.1.3"
      }
    },
    "color-name": {
      "version": "1.1.3",
      "resolved": "http://registry-npm.firstshare.cn/color-name/-/color-name-1.1.3.tgz",
      "integrity": "sha1-p9BVi9icQveV3UIyj3QIMcpTvCU="
    },
    "debug": {
      "version": "4.3.4",
      "resolved": "http://registry-npm.firstshare.cn/debug/-/debug-4.3.4.tgz",
      "integrity": "sha512-PRWFHuSU3eDtQJPvnNY7Jcket1j0t5OuOsFzPPzsekD52Zl8qUfFIPEiswXqIvHWGVHOgX+7G/vCNNhehwxfkQ==",
      "requires": {
        "ms": "2.1.2"
      }
    },
    "dom-serializer": {
      "version": "1.4.1",
      "resolved": "http://registry-npm.firstshare.cn/dom-serializer/-/dom-serializer-1.4.1.tgz",
      "integrity": "sha512-VHwB3KfrcOOkelEG2ZOfxqLZdfkil8PtJi4P8N2MMXucZq2yLp75ClViUlOVwyoHEDjYU433Aq+5zWP61+RGag==",
      "requires": {
        "domelementtype": "^2.0.1",
        "domhandler": "^4.2.0",
        "entities": "^2.0.0"
      },
      "dependencies": {
        "entities": {
          "version": "2.2.0",
          "resolved": "http://registry-npm.firstshare.cn/entities/-/entities-2.2.0.tgz",
          "integrity": "sha1-CY3JDruD2N/6CJ1VJWs1HTTE2lU="
        }
      }
    },
    "domelementtype": {
      "version": "2.3.0",
      "resolved": "http://registry-npm.firstshare.cn/domelementtype/-/domelementtype-2.3.0.tgz",
      "integrity": "sha512-OLETBj6w0OsagBwdXnPdN0cnMfF9opN69co+7ZrbfPGrdpPVNBUj02spi6B1N7wChLQiPn4CSH/zJvXw56gmHw=="
    },
    "domhandler": {
      "version": "4.3.1",
      "resolved": "http://registry-npm.firstshare.cn/domhandler/-/domhandler-4.3.1.tgz",
      "integrity": "sha512-GrwoxYN+uWlzO8uhUXRl0P+kHE4GtVPfYzVLcUxPL7KNdHKj66vvlhiweIHqYYXWlw+T8iLMp42Lm67ghw4WMQ==",
      "requires": {
        "domelementtype": "^2.2.0"
      }
    },
    "domutils": {
      "version": "2.8.0",
      "resolved": "http://registry-npm.firstshare.cn/domutils/-/domutils-2.8.0.tgz",
      "integrity": "sha1-RDfe9dtuLR9dbuhZvZXKfQIEgTU=",
      "requires": {
        "dom-serializer": "^1.0.1",
        "domelementtype": "^2.2.0",
        "domhandler": "^4.2.0"
      }
    },
    "entities": {
      "version": "3.0.1",
      "resolved": "http://registry-npm.firstshare.cn/entities/-/entities-3.0.1.tgz",
      "integrity": "sha1-K4h8piWF6W2zkDSC0zbBAGwwAdQ="
    },
    "escape-string-regexp": {
      "version": "1.0.5",
      "resolved": "http://registry-npm.firstshare.cn/escape-string-regexp/-/escape-string-regexp-1.0.5.tgz",
      "integrity": "sha1-G2HAViGQqN/2rjuyzwIAyhMLhtQ="
    },
    "fs-extra": {
      "version": "10.1.0",
      "resolved": "http://registry-npm.firstshare.cn/fs-extra/-/fs-extra-10.1.0.tgz",
      "integrity": "sha512-oRXApq54ETRj4eMiFzGnHWGy+zo5raudjuxN0b8H7s/RU2oW0Wvsx9O0ACRN/kRq9E8Vu/ReskGB5o3ji+FzHQ==",
      "requires": {
        "graceful-fs": "^4.2.0",
        "jsonfile": "^6.0.1",
        "universalify": "^2.0.0"
      }
    },
    "globals": {
      "version": "11.12.0",
      "resolved": "http://registry-npm.firstshare.cn/globals/-/globals-11.12.0.tgz",
      "integrity": "sha1-q4eVM4hooLq9hSV1gBjCp+uVxC4="
    },
    "graceful-fs": {
      "version": "4.2.10",
      "resolved": "http://registry-npm.firstshare.cn/graceful-fs/-/graceful-fs-4.2.10.tgz",
      "integrity": "sha512-9ByhssR2fPVsNZj478qUUbKfmL0+t5BDVyjShtyZZLiK7ZDAArFFfopyOTj0M05wE2tJPisA4iTnnXl2YoPvOA=="
    },
    "has-flag": {
      "version": "3.0.0",
      "resolved": "http://registry-npm.firstshare.cn/has-flag/-/has-flag-3.0.0.tgz",
      "integrity": "sha1-tdRU3CGZriJWmfNGfloH87lVuv0="
    },
    "htmlparser2": {
      "version": "7.2.0",
      "resolved": "http://registry-npm.firstshare.cn/htmlparser2/-/htmlparser2-7.2.0.tgz",
      "integrity": "sha1-iBfN6ji7wyQ5KpCxmQkI6Bpl9aU=",
      "requires": {
        "domelementtype": "^2.0.1",
        "domhandler": "^4.2.2",
        "domutils": "^2.8.0",
        "entities": "^3.0.1"
      }
    },
    "js-tokens": {
      "version": "4.0.0",
      "resolved": "http://registry-npm.firstshare.cn/js-tokens/-/js-tokens-4.0.0.tgz",
      "integrity": "sha512-RdJUflcE3cUzKiMqQgsCu06FPu9UdIJO0beYbPhHN4k6apgJtifcoCtT9bcxOpYBtpD2kCM6Sbzg4CausW/PKQ=="
    },
    "jsesc": {
      "version": "2.5.2",
      "resolved": "http://registry-npm.firstshare.cn/jsesc/-/jsesc-2.5.2.tgz",
      "integrity": "sha512-OYu7XEzjkCQ3C5Ps3QIZsQfNpqoJyZZA99wd9aWd05NCtC5pWOkShK2mkL6HXQR6/Cy2lbNdPlZBpuQHXE63gA=="
    },
    "jsonfile": {
      "version": "6.1.0",
      "resolved": "http://registry-npm.firstshare.cn/jsonfile/-/jsonfile-6.1.0.tgz",
      "integrity": "sha1-vFWyY0eTxnnsZAMJTrE2mKbsCq4=",
      "requires": {
        "graceful-fs": "^4.1.6",
        "universalify": "^2.0.0"
      }
    },
    "ms": {
      "version": "2.1.2",
      "resolved": "http://registry-npm.firstshare.cn/ms/-/ms-2.1.2.tgz",
      "integrity": "sha1-0J0fNXtEP0kzgqjrPM0YOHKuYAk="
    },
    "supports-color": {
      "version": "5.5.0",
      "resolved": "http://registry-npm.firstshare.cn/supports-color/-/supports-color-5.5.0.tgz",
      "integrity": "sha512-QjVjwdXIt408MIiAqCX4oUKsgU2EqAGzs2Ppkm4aQYbjm+ZEWEcW4SfFNTr4uMNZma0ey4f5lgLrkB0aX0QMow==",
      "requires": {
        "has-flag": "^3.0.0"
      }
    },
    "to-fast-properties": {
      "version": "2.0.0",
      "resolved": "http://registry-npm.firstshare.cn/to-fast-properties/-/to-fast-properties-2.0.0.tgz",
      "integrity": "sha1-3F5pjL0HkmW8c+A3doGk5Og/YW4="
    },
    "universalify": {
      "version": "2.0.0",
      "resolved": "http://registry-npm.firstshare.cn/universalify/-/universalify-2.0.0.tgz",
      "integrity": "sha1-daSYTv7cSwiXXFrrc/Uw0C3yVxc="
    }
  }
}
